
Microsoft Visual Studio Solution File, Format Version 12.00
# Visual Studio Version 18
VisualStudioVersion = 18.6.11822.322 stable
MinimumVisualStudioVersion = 10.0.40219.1
Project("{FAE04EC0-301F-11D3-BF4B-00C04F79EFBC}") = "SalesPredictionApp", "SalesPredictionApp.csproj", "{74665303-8788-D43D-C226-4140B5C69C4B}"
EndProject
Global
	GlobalSection(SolutionConfigurationPlatforms) = preSolution
		Debug|Any CPU = Debug|Any CPU
		Release|Any CPU = Release|Any CPU
	EndGlobalSection
	GlobalSection(ProjectConfigurationPlatforms) = postSolution
		{74665303-8788-D43D-C226-4140B5C69C4B}.Debug|Any CPU.ActiveCfg = Debug|Any CPU
		{74665303-8788-D43D-C226-4140B5C69C4B}.Debug|Any CPU.Build.0 = Debug|Any CPU
		{74665303-8788-D43D-C226-4140B5C69C4B}.Release|Any CPU.ActiveCfg = Release|Any CPU
		{74665303-8788-D43D-C226-4140B5C69C4B}.Release|Any CPU.Build.0 = Release|Any CPU
	EndGlobalSection
	GlobalSection(SolutionProperties) = preSolution
		HideSolutionNode = FALSE
	EndGlobalSection
	GlobalSection(ExtensibilityGlobals) = postSolution
		SolutionGuid = {C43D5A90-2A57-4CB4-95B8-21AFE5FCF501}
	EndGlobalSection
EndGlobal
